
Microsoft Visual Studio Solution File, Format Version 12.00
# Visual Studio Version 16
VisualStudioVersion = 16.0.30114.105
MinimumVisualStudioVersion = 10.0.40219.1
Project("{FAE04EC0-301F-11D3-BF4B-00C04F79EFBC}") = "Lab4Web-QuizApp", "Lab4Web-QuizApp\Lab4Web-QuizApp.csproj", "{29E686A9-E9CD-45CD-962E-0BECEAEDE317}"
EndProject
Global
	GlobalSection(SolutionConfigurationPlatforms) = preSolution
		Debug|Any CPU = Debug|Any CPU
		Release|Any CPU = Release|Any CPU
	EndGlobalSection
	GlobalSection(ProjectConfigurationPlatforms) = postSolution
		{29E686A9-E9CD-45CD-962E-0BECEAEDE317}.Debug|Any CPU.ActiveCfg = Debug|Any CPU
		{29E686A9-E9CD-45CD-962E-0BECEAEDE317}.Debug|Any CPU.Build.0 = Debug|Any CPU
		{29E686A9-E9CD-45CD-962E-0BECEAEDE317}.Release|Any CPU.ActiveCfg = Release|Any CPU
		{29E686A9-E9CD-45CD-962E-0BECEAEDE317}.Release|Any CPU.Build.0 = Release|Any CPU
	EndGlobalSection
	GlobalSection(SolutionProperties) = preSolution
		HideSolutionNode = FALSE
	EndGlobalSection
	GlobalSection(ExtensibilityGlobals) = postSolution
		SolutionGuid = {00830E26-9553-4ABC-A5CB-97EEFD8FE8E1}
	EndGlobalSection
EndGlobal
